// !$*UTF8*$!
{
	archiveVersion = 1;
	classes = {
	};
	objectVersion = 46;
	objects = {

/* Begin PBXBuildFile section */
		954156311C25A16B007D6A64 /* main.m in Sources */ = {isa = PBXBuildFile; fileRef = 954156301C25A16B007D6A64 /* main.m */; };
		954156341C25A16B007D6A64 /* AppDelegate.m in Sources */ = {isa = PBXBuildFile; fileRef = 954156331C25A16B007D6A64 /* AppDelegate.m */; };
		954156371C25A16B007D6A64 /* ViewController.m in Sources */ = {isa = PBXBuildFile; fileRef = 954156361C25A16B007D6A64 /* ViewController.m */; };
		9541563A1C25A16B007D6A64 /* Main.storyboard in Resources */ = {isa = PBXBuildFile; fileRef = 954156381C25A16B007D6A64 /* Main.storyboard */; };
		9541563C1C25A16B007D6A64 /* Assets.xcassets in Resources */ = {isa = PBXBuildFile; fileRef = 9541563B1C25A16B007D6A64 /* Assets.xcassets */; };
		9541563F1C25A16B007D6A64 /* LaunchScreen.storyboard in Resources */ = {isa = PBXBuildFile; fileRef = 9541563D1C25A16B007D6A64 /* LaunchScreen.storyboard */; };
/* End PBXBuildFile section */

/* Begin PBXFileReference section */
		9541562C1C25A16B007D6A64 /* demo.app */ = {isa = PBXFileReference; explicitFileType = wrapper.application; includeInIndex = 0; path = demo.app; sourceTree = BUILT_PRODUCTS_DIR; };
		954156301C25A16B007D6A64 /* main.m */ = {isa = PBXFileReference; lastKnownFileType = sourcecode.c.objc; path = main.m; sourceTree = "<group>"; };
		954156321C25A16B007D6A64 /* AppDelegate.h */ = {isa = PBXFileReference; lastKnownFileType = sourcecode.c.h; path = AppDelegate.h; sourceTree = "<group>"; };
		954156331C25A16B007D6A64 /* AppDelegate.m */ = {isa = PBXFileReference; lastKnownFileType = sourcecode.c.objc; path = AppDelegate.m; sourceTree = "<group>"; };
		954156351C25A16B007D6A64 /* ViewController.h */ = {isa = PBXFileReference; lastKnownFileType = sourcecode.c.h; path = ViewController.h; sourceTree = "<group>"; };
		954156361C25A16B007D6A64 /* ViewController.m */ = {isa = PBXFileReference; lastKnownFileType = sourcecode.c.objc; path = ViewController.m; sourceTree = "<group>"; };
		954156391C25A16B007D6A64 /* Base */ = {isa = PBXFileReference; lastKnownFileType = file.storyboard; name = Base; path = Base.lproj/Main.storyboard; sourceTree = "<group>"; };
		9541563B1C25A16B007D6A64 /* Assets.xcassets */ = {isa = PBXFileReference; lastKnownFileType = folder.assetcatalog; path = Assets.xcassets; sourceTree = "<group>"; };
		9541563E1C25A16B007D6A64 /* Base */ = {isa = PBXFileReference; lastKnownFileType = file.storyboard; name = Base; path = Base.lproj/LaunchScreen.storyboard; sourceTree = "<group>"; };
		954156401C25A16B007D6A64 /* Info.plist */ = {isa = PBXFileReference; lastKnownFileType = text.plist.xml; path = Info.plist; sourceTree = "<group>"; };
/* End PBXFileReference section */

/* Begin PBXFrameworksBuildPhase section */
		954156291C25A16B007D6A64 /* Frameworks */ = {
			isa = PBXFrameworksBuildPhase;
			buildActionMask = 2147483647;
			files = (
			);
			runOnlyForDeploymentPostprocessing = 0;
		};
/* End PBXFrameworksBuildPhase section */

/* Begin PBXGroup section */
		954156231C25A16A007D6A64 = {
			isa = PBXGroup;
			children = (
				9541562E1C25A16B007D6A64 /* demo */,
				9541562D1C25A16B007D6A64 /* Products */,
			);
			sourceTree = "<group>";
		};
		9541562D1C25A16B007D6A64 /* Products */ = {
			isa = PBXGroup;
			children = (
				9541562C1C25A16B007D6A64 /* demo.app */,
			);
			name = Products;
			sourceTree = "<group>";
		};
		9541562E1C25A16B007D6A64 /* demo */ = {
			isa = PBXGroup;
			children = (
				954156321C25A16B007D6A64 /* AppDelegate.h */,
				954156331C25A16B007D6A64 /* AppDelegate.m */,
				954156351C25A16B007D6A64 /* ViewController.h */,
				954156361C25A16B007D6A64 /* ViewController.m */,
				954156381C25A16B007D6A64 /* Main.storyboard */,
				9541563B1C25A16B007D6A64 /* Assets.xcassets */,
				9541563D1C25A16B007D6A64 /* LaunchScreen.storyboard */,
				954156401C25A16B007D6A64 /* Info.plist */,
				9541562F1C25A16B007D6A64 /* Supporting Files */,
			);
			path = demo;
			sourceTree = "<group>";
		};
		9541562F1C25A16B007D6A64 /* Supporting Files */ = {
			isa = PBXGroup;
			children = (
				954156301C25A16B007D6A64 /* main.m */,
			);
			name = "Supporting Files";
			sourceTree = "<group>";
		};
/* End PBXGroup section */

/* Begin PBXNativeTarget section */
		9541562B1C25A16B007D6A64 /* demo */ = {
			isa = PBXNativeTarget;
			buildConfigurationList = 954156431C25A16B007D6A64 /* Build configuration list for PBXNativeTarget "demo" */;
			buildPhases = (
				954156281C25A16B007D6A64 /* Sources */,
				954156291C25A16B007D6A64 /* Frameworks */,
				9541562A1C25A16B007D6A64 /* Resources */,
			);
			buildRules = (
			);
			dependencies = (
			);
			name = demo;
			productName = demo;
			productReference = 9541562C1C25A16B007D6A64 /* demo.app */;
			productType = "com.apple.product-type.application";
		};
/* End PBXNativeTarget section */

/* Begin PBXProject section */
		954156241C25A16A007D6A64 /* Project object */ = {
			isa = PBXProject;
			attributes = {
				LastUpgradeCheck = 0720;
				ORGANIZATIONNAME = cn.chenguanglin;
				TargetAttributes = {
					9541562B1C25A16B007D6A64 = {
						CreatedOnToolsVersion = 7.2;
					};
				};
			};
			buildConfigurationList = 954156271C25A16B007D6A64 /* Build configuration list for PBXProject "demo" */;
			compatibilityVersion = "Xcode 3.2";
			developmentRegion = English;
			hasScannedForEncodings = 0;
			knownRegions = (
				en,
				Base,
			);
			mainGroup = 954156231C25A16A007D6A64;
			productRefGroup = 9541562D1C25A16B007D6A64 /* Products */;
			projectDirPath = "";
			projectRoot = "";
			targets = (
				9541562B1C25A16B007D6A64 /* demo */,
			);
		};
/* End PBXProject section */

/* Begin PBXResourcesBuildPhase section */
		9541562A1C25A16B007D6A64 /* Resources */ = {
			isa = PBXResourcesBuildPhase;
			buildActionMask = 2147483647;
			files = (
				9541563F1C25A16B007D6A64 /* LaunchScreen.storyboard in Resources */,
				9541563C1C25A16B007D6A64 /* Assets.xcassets in Resources */,
				9541563A1C25A16B007D6A64 /* Main.storyboard in Resources */,
			);
			runOnlyForDeploymentPostprocessing = 0;
		};
/* End PBXResourcesBuildPhase section */

/* Begin PBXSourcesBuildPhase section */
		954156281C25A16B007D6A64 /* Sources */ = {
			isa = PBXSourcesBuildPhase;
			buildActionMask = 2147483647;
			files = (
				954156371C25A16B007D6A64 /* ViewController.m in Sources */,
				954156341C25A16B007D6A64 /* AppDelegate.m in Sources */,
				954156311C25A16B007D6A64 /* main.m in Sources */,
			);
			runOnlyForDeploymentPostprocessing = 0;
		};
/* End PBXSourcesBuildPhase section */

/* Begin PBXVariantGroup section */
		954156381C25A16B007D6A64 /* Main.storyboard */ = {
			isa = PBXVariantGroup;
			children = (
				954156391C25A16B007D6A64 /* Base */,
			);
			name = Main.storyboard;
			sourceTree = "<group>";
		};
		9541563D1C25A16B007D6A64 /* LaunchScreen.storyboard */ = {
			isa = PBXVariantGroup;
			children = (
				9541563E1C25A16B007D6A64 /* Base */,
			);
			name = LaunchScreen.storyboard;
			sourceTree = "<group>";
		};
/* End PBXVariantGroup section */

/* Begin XCBuildConfiguration section */
		954156411C25A16B007D6A64 /* Debug */ = {
			isa = XCBuildConfiguration;
			buildSettings = {
				ALWAYS_SEARCH_USER_PATHS = NO;
				CLANG_CXX_LANGUAGE_STANDARD = "gnu++0x";
				CLANG_CXX_LIBRARY = "libc++";
				CLANG_ENABLE_MODULES = YES;
				CLANG_ENABLE_OBJC_ARC = YES;
				CLANG_WARN_BOOL_CONVERSION = YES;
				CLANG_WARN_CONSTANT_CONVERSION = YES;
				CLANG_WARN_DIRECT_OBJC_ISA_USAGE = YES_ERROR;
				CLANG_WARN_EMPTY_BODY = YES;
				CLANG_WARN_ENUM_CONVERSION = YES;
				CLANG_WARN_INT_CONVERSION = YES;
				CLANG_WARN_OBJC_ROOT_CLASS = YES_ERROR;
				CLANG_WARN_UNREACHABLE_CODE = YES;
				CLANG_WARN__DUPLICATE_METHOD_MATCH = YES;
				"CODE_SIGN_IDENTITY[sdk=iphoneos*]" = "iPhone Developer";
				COPY_PHASE_STRIP = NO;
				DEBUG_INFORMATION_FORMAT = dwarf;
				ENABLE_STRICT_OBJC_MSGSEND = YES;
				ENABLE_TESTABILITY = YES;
				GCC_C_LANGUAGE_STANDARD = gnu99;
				GCC_DYNAMIC_NO_PIC = NO;
				GCC_NO_COMMON_BLOCKS = YES;
				GCC_OPTIMIZATION_LEVEL = 0;
				GCC_PREPROCESSOR_DEFINITIONS = (
					"DEBUG=1",
					"$(inherited)",
				);
				GCC_WARN_64_TO_32_BIT_CONVERSION = YES;
				GCC_WARN_ABOUT_RETURN_TYPE = YES_ERROR;
				GCC_WARN_UNDECLARED_SELECTOR = YES;
				GCC_WARN_UNINITIALIZED_AUTOS = YES_AGGRESSIVE;
				GCC_WARN_UNUSED_FUNCTION = YES;
				GCC_WARN_UNUSED_VARIABLE = YES;
				IPHONEOS_DEPLOYMENT_TARGET = 9.2;
				MTL_ENABLE_DEBUG_INFO = YES;
				ONLY_ACTIVE_ARCH = YES;
				SDKROOT = iphoneos;
			};
			name = Debug;
		};
		954156421C25A16B007D6A64 /* Release */ = {
			isa = XCBuildConfiguration;
			buildSettings = {
				ALWAYS_SEARCH_USER_PATHS = NO;
				CLANG_CXX_LANGUAGE_STANDARD = "gnu++0x";
				CLANG_CXX_LIBRARY = "libc++";
				CLANG_ENABLE_MODULES = YES;
				CLANG_ENABLE_OBJC_ARC = YES;
				CLANG_WARN_BOOL_CONVERSION = YES;
				CLANG_WARN_CONSTANT_CONVERSION = YES;
				CLANG_WARN_DIRECT_OBJC_ISA_USAGE = YES_ERROR;
				CLANG_WARN_EMPTY_BODY = YES;
				CLANG_WARN_ENUM_CONVERSION = YES;
				CLANG_WARN_INT_CONVERSION = YES;
				CLANG_WARN_OBJC_ROOT_CLASS = YES_ERROR;
				CLANG_WARN_UNREACHABLE_CODE = YES;
				CLANG_WARN__DUPLICATE_METHOD_MATCH = YES;
				"CODE_SIGN_IDENTITY[sdk=iphoneos*]" = "iPhone Developer";
				COPY_PHASE_STRIP = NO;
				DEBUG_INFORMATION_FORMAT = "dwarf-with-dsym";
				ENABLE_NS_ASSERTIONS = NO;
				ENABLE_STRICT_OBJC_MSGSEND = YES;
				GCC_C_LANGUAGE_STANDARD = gnu99;
				GCC_NO_COMMON_BLOCKS = YES;
				GCC_WARN_64_TO_32_BIT_CONVERSION = YES;
				GCC_WARN_ABOUT_RETURN_TYPE = YES_ERROR;
				GCC_WARN_UNDECLARED_SELECTOR = YES;
				GCC_WARN_UNINITIALIZED_AUTOS = YES_AGGRESSIVE;
				GCC_WARN_UNUSED_FUNCTION = YES;
				GCC_WARN_UNUSED_VARIABLE = YES;
				IPHONEOS_DEPLOYMENT_TARGET = 9.2;
				MTL_ENABLE_DEBUG_INFO = NO;
				SDKROOT = iphoneos;
				VALIDATE_PRODUCT = YES;
			};
			name = Release;
		};
		954156441C25A16B007D6A64 /* Debug */ = {
			isa = XCBuildConfiguration;
			buildSettings = {
				ASSETCATALOG_COMPILER_APPICON_NAME = AppIcon;
				INFOPLIST_FILE = demo/Info.plist;
				LD_RUNPATH_SEARCH_PATHS = "$(inherited) @executable_path/Frameworks";
				PRODUCT_BUNDLE_IDENTIFIER = cn.chenguanglin.demo;
				PRODUCT_NAME = "$(TARGET_NAME)";
			};
			name = Debug;
		};
		954156451C25A16B007D6A64 /* Release */ = {
			isa = XCBuildConfiguration;
			buildSettings = {
				ASSETCATALOG_COMPILER_APPICON_NAME = AppIcon;
				INFOPLIST_FILE = demo/Info.plist;
				LD_RUNPATH_SEARCH_PATHS = "$(inherited) @executable_path/Frameworks";
				PRODUCT_BUNDLE_IDENTIFIER = cn.chenguanglin.demo;
				PRODUCT_NAME = "$(TARGET_NAME)";
			};
			name = Release;
		};
/* End XCBuildConfiguration section */

/* Begin XCConfigurationList section */
		954156271C25A16B007D6A64 /* Build configuration list for PBXProject "demo" */ = {
			isa = XCConfigurationList;
			buildConfigurations = (
				954156411C25A16B007D6A64 /* Debug */,
				954156421C25A16B007D6A64 /* Release */,
			);
			defaultConfigurationIsVisible = 0;
			defaultConfigurationName = Release;
		};
		954156431C25A16B007D6A64 /* Build configuration list for PBXNativeTarget "demo" */ = {
			isa = XCConfigurationList;
			buildConfigurations = (
				954156441C25A16B007D6A64 /* Debug */,
				954156451C25A16B007D6A64 /* Release */,
			);
			defaultConfigurationIsVisible = 0;
		};
/* End XCConfigurationList section */
	};
	rootObject = 954156241C25A16A007D6A64 /* Project object */;
}
